// !$*UTF8*$!
{
	archiveVersion = 1;
	classes = {
	};
	objectVersion = 50;
	objects = {

/* Begin PBXBuildFile section */
		185861E2297E736700F8456B /* TempViewController.swift in Sources */ = {isa = PBXBuildFile; fileRef = 185861E1297E736700F8456B /* TempViewController.swift */; };
		185861E4297E739E00F8456B /* VolumeViewController.swift in Sources */ = {isa = PBXBuildFile; fileRef = 185861E3297E739E00F8456B /* VolumeViewController.swift */; };
		18650B39297DA81700EBDC09 /* AppDelegate.swift in Sources */ = {isa = PBXBuildFile; fileRef = 18650B38297DA81700EBDC09 /* AppDelegate.swift */; };
		18650B3B297DA81700EBDC09 /* SceneDelegate.swift in Sources */ = {isa = PBXBuildFile; fileRef = 18650B3A297DA81700EBDC09 /* SceneDelegate.swift */; };
		18650B3D297DA81700EBDC09 /* ViewController.swift in Sources */ = {isa = PBXBuildFile; fileRef = 18650B3C297DA81700EBDC09 /* ViewController.swift */; };
		18650B40297DA81700EBDC09 /* Main.storyboard in Resources */ = {isa = PBXBuildFile; fileRef = 18650B3E297DA81700EBDC09 /* Main.storyboard */; };
		18650B43297DA81700EBDC09 /* UnitConversion.xcdatamodeld in Sources */ = {isa = PBXBuildFile; fileRef = 18650B41297DA81700EBDC09 /* UnitConversion.xcdatamodeld */; };
		18650B45297DA81900EBDC09 /* Assets.xcassets in Resources */ = {isa = PBXBuildFile; fileRef = 18650B44297DA81900EBDC09 /* Assets.xcassets */; };
		18650B48297DA81900EBDC09 /* LaunchScreen.storyboard in Resources */ = {isa = PBXBuildFile; fileRef = 18650B46297DA81900EBDC09 /* LaunchScreen.storyboard */; };
/* End PBXBuildFile section */

/* Begin PBXFileReference section */
		185861E1297E736700F8456B /* TempViewController.swift */ = {isa = PBXFileReference; lastKnownFileType = sourcecode.swift; path = TempViewController.swift; sourceTree = "<group>"; };
		185861E3297E739E00F8456B /* VolumeViewController.swift */ = {isa = PBXFileReference; lastKnownFileType = sourcecode.swift; path = VolumeViewController.swift; sourceTree = "<group>"; };
		18650B35297DA81700EBDC09 /* UnitConversion.app */ = {isa = PBXFileReference; explicitFileType = wrapper.application; includeInIndex = 0; path = UnitConversion.app; sourceTree = BUILT_PRODUCTS_DIR; };
		18650B38297DA81700EBDC09 /* AppDelegate.swift */ = {isa = PBXFileReference; lastKnownFileType = sourcecode.swift; path = AppDelegate.swift; sourceTree = "<group>"; };
		18650B3A297DA81700EBDC09 /* SceneDelegate.swift */ = {isa = PBXFileReference; lastKnownFileType = sourcecode.swift; path = SceneDelegate.swift; sourceTree = "<group>"; };
		18650B3C297DA81700EBDC09 /* ViewController.swift */ = {isa = PBXFileReference; lastKnownFileType = sourcecode.swift; path = ViewController.swift; sourceTree = "<group>"; };
		18650B3F297DA81700EBDC09 /* Base */ = {isa = PBXFileReference; lastKnownFileType = file.storyboard; name = Base; path = Base.lproj/Main.storyboard; sourceTree = "<group>"; };
		18650B42297DA81700EBDC09 /* UnitConversion.xcdatamodel */ = {isa = PBXFileReference; lastKnownFileType = wrapper.xcdatamodel; path = UnitConversion.xcdatamodel; sourceTree = "<group>"; };
		18650B44297DA81900EBDC09 /* Assets.xcassets */ = {isa = PBXFileReference; lastKnownFileType = folder.assetcatalog; path = Assets.xcassets; sourceTree = "<group>"; };
		18650B47297DA81900EBDC09 /* Base */ = {isa = PBXFileReference; lastKnownFileType = file.storyboard; name = Base; path = Base.lproj/LaunchScreen.storyboard; sourceTree = "<group>"; };
		18650B49297DA81900EBDC09 /* Info.plist */ = {isa = PBXFileReference; lastKnownFileType = text.plist.xml; path = Info.plist; sourceTree = "<group>"; };
/* End PBXFileReference section */

/* Begin PBXFrameworksBuildPhase section */
		18650B32297DA81700EBDC09 /* Frameworks */ = {
			isa = PBXFrameworksBuildPhase;
			buildActionMask = 2147483647;
			files = (
			);
			runOnlyForDeploymentPostprocessing = 0;
		};
/* End PBXFrameworksBuildPhase section */

/* Begin PBXGroup section */
		18650B2C297DA81700EBDC09 = {
			isa = PBXGroup;
			children = (
				18650B37297DA81700EBDC09 /* UnitConversion */,
				18650B36297DA81700EBDC09 /* Products */,
			);
			sourceTree = "<group>";
		};
		18650B36297DA81700EBDC09 /* Products */ = {
			isa = PBXGroup;
			children = (
				18650B35297DA81700EBDC09 /* UnitConversion.app */,
			);
			name = Products;
			sourceTree = "<group>";
		};
		18650B37297DA81700EBDC09 /* UnitConversion */ = {
			isa = PBXGroup;
			children = (
				18650B38297DA81700EBDC09 /* AppDelegate.swift */,
				18650B3A297DA81700EBDC09 /* SceneDelegate.swift */,
				18650B3C297DA81700EBDC09 /* ViewController.swift */,
				185861E1297E736700F8456B /* TempViewController.swift */,
				185861E3297E739E00F8456B /* VolumeViewController.swift */,
				18650B3E297DA81700EBDC09 /* Main.storyboard */,
				18650B44297DA81900EBDC09 /* Assets.xcassets */,
				18650B46297DA81900EBDC09 /* LaunchScreen.storyboard */,
				18650B49297DA81900EBDC09 /* Info.plist */,
				18650B41297DA81700EBDC09 /* UnitConversion.xcdatamodeld */,
			);
			path = UnitConversion;
			sourceTree = "<group>";
		};
/* End PBXGroup section */

/* Begin PBXNativeTarget section */
		18650B34297DA81700EBDC09 /* UnitConversion */ = {
			isa = PBXNativeTarget;
			buildConfigurationList = 18650B4C297DA81900EBDC09 /* Build configuration list for PBXNativeTarget "UnitConversion" */;
			buildPhases = (
				18650B31297DA81700EBDC09 /* Sources */,
				18650B32297DA81700EBDC09 /* Frameworks */,
				18650B33297DA81700EBDC09 /* Resources */,
			);
			buildRules = (
			);
			dependencies = (
			);
			name = UnitConversion;
			productName = UnitConversion;
			productReference = 18650B35297DA81700EBDC09 /* UnitConversion.app */;
			productType = "com.apple.product-type.application";
		};
/* End PBXNativeTarget section */

/* Begin PBXProject section */
		18650B2D297DA81700EBDC09 /* Project object */ = {
			isa = PBXProject;
			attributes = {
				LastSwiftUpdateCheck = 1250;
				LastUpgradeCheck = 1250;
				TargetAttributes = {
					18650B34297DA81700EBDC09 = {
						CreatedOnToolsVersion = 12.5.1;
					};
				};
			};
			buildConfigurationList = 18650B30297DA81700EBDC09 /* Build configuration list for PBXProject "UnitConversion" */;
			compatibilityVersion = "Xcode 9.3";
			developmentRegion = en;
			hasScannedForEncodings = 0;
			knownRegions = (
				en,
				Base,
			);
			mainGroup = 18650B2C297DA81700EBDC09;
			productRefGroup = 18650B36297DA81700EBDC09 /* Products */;
			projectDirPath = "";
			projectRoot = "";
			targets = (
				18650B34297DA81700EBDC09 /* UnitConversion */,
			);
		};
/* End PBXProject section */

/* Begin PBXResourcesBuildPhase section */
		18650B33297DA81700EBDC09 /* Resources */ = {
			isa = PBXResourcesBuildPhase;
			buildActionMask = 2147483647;
			files = (
				18650B48297DA81900EBDC09 /* LaunchScreen.storyboard in Resources */,
				18650B45297DA81900EBDC09 /* Assets.xcassets in Resources */,
				18650B40297DA81700EBDC09 /* Main.storyboard in Resources */,
			);
			runOnlyForDeploymentPostprocessing = 0;
		};
/* End PBXResourcesBuildPhase section */

/* Begin PBXSourcesBuildPhase section */
		18650B31297DA81700EBDC09 /* Sources */ = {
			isa = PBXSourcesBuildPhase;
			buildActionMask = 2147483647;
			files = (
				18650B3D297DA81700EBDC09 /* ViewController.swift in Sources */,
				185861E2297E736700F8456B /* TempViewController.swift in Sources */,
				185861E4297E739E00F8456B /* VolumeViewController.swift in Sources */,
				18650B43297DA81700EBDC09 /* UnitConversion.xcdatamodeld in Sources */,
				18650B39297DA81700EBDC09 /* AppDelegate.swift in Sources */,
				18650B3B297DA81700EBDC09 /* SceneDelegate.swift in Sources */,
			);
			runOnlyForDeploymentPostprocessing = 0;
		};
/* End PBXSourcesBuildPhase section */

/* Begin PBXVariantGroup section */
		18650B3E297DA81700EBDC09 /* Main.storyboard */ = {
			isa = PBXVariantGroup;
			children = (
				18650B3F297DA81700EBDC09 /* Base */,
			);
			name = Main.storyboard;
			sourceTree = "<group>";
		};
		18650B46297DA81900EBDC09 /* LaunchScreen.storyboard */ = {
			isa = PBXVariantGroup;
			children = (
				18650B47297DA81900EBDC09 /* Base */,
			);
			name = LaunchScreen.storyboard;
			sourceTree = "<group>";
		};
/* End PBXVariantGroup section */

/* Begin XCBuildConfiguration section */
		18650B4A297DA81900EBDC09 /* Debug */ = {
			isa = XCBuildConfiguration;
			buildSettings = {
				ALWAYS_SEARCH_USER_PATHS = NO;
				CLANG_ANALYZER_NONNULL = YES;
				CLANG_ANALYZER_NUMBER_OBJECT_CONVERSION = YES_AGGRESSIVE;
				CLANG_CXX_LANGUAGE_STANDARD = "gnu++14";
				CLANG_CXX_LIBRARY = "libc++";
				CLANG_ENABLE_MODULES = YES;
				CLANG_ENABLE_OBJC_ARC = YES;
				CLANG_ENABLE_OBJC_WEAK = YES;
				CLANG_WARN_BLOCK_CAPTURE_AUTORELEASING = YES;
				CLANG_WARN_BOOL_CONVERSION = YES;
				CLANG_WARN_COMMA = YES;
				CLANG_WARN_CONSTANT_CONVERSION = YES;
				CLANG_WARN_DEPRECATED_OBJC_IMPLEMENTATIONS = YES;
				CLANG_WARN_DIRECT_OBJC_ISA_USAGE = YES_ERROR;
				CLANG_WARN_DOCUMENTATION_COMMENTS = YES;
				CLANG_WARN_EMPTY_BODY = YES;
				CLANG_WARN_ENUM_CONVERSION = YES;
				CLANG_WARN_INFINITE_RECURSION = YES;
				CLANG_WARN_INT_CONVERSION = YES;
				CLANG_WARN_NON_LITERAL_NULL_CONVERSION = YES;
				CLANG_WARN_OBJC_IMPLICIT_RETAIN_SELF = YES;
				CLANG_WARN_OBJC_LITERAL_CONVERSION = YES;
				CLANG_WARN_OBJC_ROOT_CLASS = YES_ERROR;
				CLANG_WARN_QUOTED_INCLUDE_IN_FRAMEWORK_HEADER = YES;
				CLANG_WARN_RANGE_LOOP_ANALYSIS = YES;
				CLANG_WARN_STRICT_PROTOTYPES = YES;
				CLANG_WARN_SUSPICIOUS_MOVE = YES;
				CLANG_WARN_UNGUARDED_AVAILABILITY = YES_AGGRESSIVE;
				CLANG_WARN_UNREACHABLE_CODE = YES;
				CLANG_WARN__DUPLICATE_METHOD_MATCH = YES;
				COPY_PHASE_STRIP = NO;
				DEBUG_INFORMATION_FORMAT = dwarf;
				ENABLE_STRICT_OBJC_MSGSEND = YES;
				ENABLE_TESTABILITY = YES;
				GCC_C_LANGUAGE_STANDARD = gnu11;
				GCC_DYNAMIC_NO_PIC = NO;
				GCC_NO_COMMON_BLOCKS = YES;
				GCC_OPTIMIZATION_LEVEL = 0;
				GCC_PREPROCESSOR_DEFINITIONS = (
					"DEBUG=1",
					"$(inherited)",
				);
				GCC_WARN_64_TO_32_BIT_CONVERSION = YES;
				GCC_WARN_ABOUT_RETURN_TYPE = YES_ERROR;
				GCC_WARN_UNDECLARED_SELECTOR = YES;
				GCC_WARN_UNINITIALIZED_AUTOS = YES_AGGRESSIVE;
				GCC_WARN_UNUSED_FUNCTION = YES;
				GCC_WARN_UNUSED_VARIABLE = YES;
				IPHONEOS_DEPLOYMENT_TARGET = 14.5;
				MTL_ENABLE_DEBUG_INFO = INCLUDE_SOURCE;
				MTL_FAST_MATH = YES;
				ONLY_ACTIVE_ARCH = YES;
				SDKROOT = iphoneos;
				SWIFT_ACTIVE_COMPILATION_CONDITIONS = DEBUG;
				SWIFT_OPTIMIZATION_LEVEL = "-Onone";
			};
			name = Debug;
		};
		18650B4B297DA81900EBDC09 /* Release */ = {
			isa = XCBuildConfiguration;
			buildSettings = {
				ALWAYS_SEARCH_USER_PATHS = NO;
				CLANG_ANALYZER_NONNULL = YES;
				CLANG_ANALYZER_NUMBER_OBJECT_CONVERSION = YES_AGGRESSIVE;
				CLANG_CXX_LANGUAGE_STANDARD = "gnu++14";
				CLANG_CXX_LIBRARY = "libc++";
				CLANG_ENABLE_MODULES = YES;
				CLANG_ENABLE_OBJC_ARC = YES;
				CLANG_ENABLE_OBJC_WEAK = YES;
				CLANG_WARN_BLOCK_CAPTURE_AUTORELEASING = YES;
				CLANG_WARN_BOOL_CONVERSION = YES;
				CLANG_WARN_COMMA = YES;
				CLANG_WARN_CONSTANT_CONVERSION = YES;
				CLANG_WARN_DEPRECATED_OBJC_IMPLEMENTATIONS = YES;
				CLANG_WARN_DIRECT_OBJC_ISA_USAGE = YES_ERROR;
				CLANG_WARN_DOCUMENTATION_COMMENTS = YES;
				CLANG_WARN_EMPTY_BODY = YES;
				CLANG_WARN_ENUM_CONVERSION = YES;
				CLANG_WARN_INFINITE_RECURSION = YES;
				CLANG_WARN_INT_CONVERSION = YES;
				CLANG_WARN_NON_LITERAL_NULL_CONVERSION = YES;
				CLANG_WARN_OBJC_IMPLICIT_RETAIN_SELF = YES;
				CLANG_WARN_OBJC_LITERAL_CONVERSION = YES;
				CLANG_WARN_OBJC_ROOT_CLASS = YES_ERROR;
				CLANG_WARN_QUOTED_INCLUDE_IN_FRAMEWORK_HEADER = YES;
				CLANG_WARN_RANGE_LOOP_ANALYSIS = YES;
				CLANG_WARN_STRICT_PROTOTYPES = YES;
				CLANG_WARN_SUSPICIOUS_MOVE = YES;
				CLANG_WARN_UNGUARDED_AVAILABILITY = YES_AGGRESSIVE;
				CLANG_WARN_UNREACHABLE_CODE = YES;
				CLANG_WARN__DUPLICATE_METHOD_MATCH = YES;
				COPY_PHASE_STRIP = NO;
				DEBUG_INFORMATION_FORMAT = "dwarf-with-dsym";
				ENABLE_NS_ASSERTIONS = NO;
				ENABLE_STRICT_OBJC_MSGSEND = YES;
				GCC_C_LANGUAGE_STANDARD = gnu11;
				GCC_NO_COMMON_BLOCKS = YES;
				GCC_WARN_64_TO_32_BIT_CONVERSION = YES;
				GCC_WARN_ABOUT_RETURN_TYPE = YES_ERROR;
				GCC_WARN_UNDECLARED_SELECTOR = YES;
				GCC_WARN_UNINITIALIZED_AUTOS = YES_AGGRESSIVE;
				GCC_WARN_UNUSED_FUNCTION = YES;
				GCC_WARN_UNUSED_VARIABLE = YES;
				IPHONEOS_DEPLOYMENT_TARGET = 14.5;
				MTL_ENABLE_DEBUG_INFO = NO;
				MTL_FAST_MATH = YES;
				SDKROOT = iphoneos;
				SWIFT_COMPILATION_MODE = wholemodule;
				SWIFT_OPTIMIZATION_LEVEL = "-O";
				VALIDATE_PRODUCT = YES;
			};
			name = Release;
		};
		18650B4D297DA81900EBDC09 /* Debug */ = {
			isa = XCBuildConfiguration;
			buildSettings = {
				ASSETCATALOG_COMPILER_APPICON_NAME = AppIcon;
				ASSETCATALOG_COMPILER_GLOBAL_ACCENT_COLOR_NAME = AccentColor;
				CODE_SIGN_STYLE = Automatic;
				DEVELOPMENT_TEAM = W8PAK7259W;
				INFOPLIST_FILE = UnitConversion/Info.plist;
				LD_RUNPATH_SEARCH_PATHS = (
					"$(inherited)",
					"@executable_path/Frameworks",
				);
				PRODUCT_BUNDLE_IDENTIFIER = com.bridgelabz.coredata.UnitConversion;
				PRODUCT_NAME = "$(TARGET_NAME)";
				SWIFT_VERSION = 5.0;
				TARGETED_DEVICE_FAMILY = "1,2";
			};
			name = Debug;
		};
		18650B4E297DA81900EBDC09 /* Release */ = {
			isa = XCBuildConfiguration;
			buildSettings = {
				ASSETCATALOG_COMPILER_APPICON_NAME = AppIcon;
				ASSETCATALOG_COMPILER_GLOBAL_ACCENT_COLOR_NAME = AccentColor;
				CODE_SIGN_STYLE = Automatic;
				DEVELOPMENT_TEAM = W8PAK7259W;
				INFOPLIST_FILE = UnitConversion/Info.plist;
				LD_RUNPATH_SEARCH_PATHS = (
					"$(inherited)",
					"@executable_path/Frameworks",
				);
				PRODUCT_BUNDLE_IDENTIFIER = com.bridgelabz.coredata.UnitConversion;
				PRODUCT_NAME = "$(TARGET_NAME)";
				SWIFT_VERSION = 5.0;
				TARGETED_DEVICE_FAMILY = "1,2";
			};
			name = Release;
		};
/* End XCBuildConfiguration section */

/* Begin XCConfigurationList section */
		18650B30297DA81700EBDC09 /* Build configuration list for PBXProject "UnitConversion" */ = {
			isa = XCConfigurationList;
			buildConfigurations = (
				18650B4A297DA81900EBDC09 /* Debug */,
				18650B4B297DA81900EBDC09 /* Release */,
			);
			defaultConfigurationIsVisible = 0;
			defaultConfigurationName = Release;
		};
		18650B4C297DA81900EBDC09 /* Build configuration list for PBXNativeTarget "UnitConversion" */ = {
			isa = XCConfigurationList;
			buildConfigurations = (
				18650B4D297DA81900EBDC09 /* Debug */,
				18650B4E297DA81900EBDC09 /* Release */,
			);
			defaultConfigurationIsVisible = 0;
			defaultConfigurationName = Release;
		};
/* End XCConfigurationList section */

/* Begin XCVersionGroup section */
		18650B41297DA81700EBDC09 /* UnitConversion.xcdatamodeld */ = {
			isa = XCVersionGroup;
			children = (
				18650B42297DA81700EBDC09 /* UnitConversion.xcdatamodel */,
			);
			currentVersion = 18650B42297DA81700EBDC09 /* UnitConversion.xcdatamodel */;
			path = UnitConversion.xcdatamodeld;
			sourceTree = "<group>";
			versionGroupType = wrapper.xcdatamodel;
		};
/* End XCVersionGroup section */
	};
	rootObject = 18650B2D297DA81700EBDC09 /* Project object */;
}
